
Microsoft Visual Studio Solution File, Format Version 12.00
# Visual Studio Version 16
VisualStudioVersion = 16.0.31005.135
MinimumVisualStudioVersion = 10.0.40219.1
Project("{FAE04EC0-301F-11D3-BF4B-00C04F79EFBC}") = "MoviesAPI", "MoviesAPI\MoviesAPI.csproj", "{B045CBDC-20E6-4793-A2ED-1D2277C1ED0D}"
EndProject
Global
	GlobalSection(SolutionConfigurationPlatforms) = preSolution
		Debug|Any CPU = Debug|Any CPU
		Release|Any CPU = Release|Any CPU
	EndGlobalSection
	GlobalSection(ProjectConfigurationPlatforms) = postSolution
		{B045CBDC-20E6-4793-A2ED-1D2277C1ED0D}.Debug|Any CPU.ActiveCfg = Debug|Any CPU
		{B045CBDC-20E6-4793-A2ED-1D2277C1ED0D}.Debug|Any CPU.Build.0 = Debug|Any CPU
		{B045CBDC-20E6-4793-A2ED-1D2277C1ED0D}.Release|Any CPU.ActiveCfg = Release|Any CPU
		{B045CBDC-20E6-4793-A2ED-1D2277C1ED0D}.Release|Any CPU.Build.0 = Release|Any CPU
	EndGlobalSection
	GlobalSection(SolutionProperties) = preSolution
		HideSolutionNode = FALSE
	EndGlobalSection
	GlobalSection(ExtensibilityGlobals) = postSolution
		SolutionGuid = {A5F15523-25DA-4717-8B4D-BDA65C5BC2E1}
	EndGlobalSection
EndGlobal
